
Microsoft Visual Studio Solution File, Format Version 12.00
# Visual Studio Version 16
VisualStudioVersion = 16.0.30204.135
MinimumVisualStudioVersion = 10.0.40219.1
Project("{FAE04EC0-301F-11D3-BF4B-00C04F79EFBC}") = "AzServiceBusDemo", "AzServiceBusDemo.csproj", "{09EB19F8-7741-4D06-98AE-91685D936281}"
EndProject
Global
	GlobalSection(SolutionConfigurationPlatforms) = preSolution
		Debug|Any CPU = Debug|Any CPU
		Release|Any CPU = Release|Any CPU
	EndGlobalSection
	GlobalSection(ProjectConfigurationPlatforms) = postSolution
		{09EB19F8-7741-4D06-98AE-91685D936281}.Debug|Any CPU.ActiveCfg = Debug|Any CPU
		{09EB19F8-7741-4D06-98AE-91685D936281}.Debug|Any CPU.Build.0 = Debug|Any CPU
		{09EB19F8-7741-4D06-98AE-91685D936281}.Release|Any CPU.ActiveCfg = Release|Any CPU
		{09EB19F8-7741-4D06-98AE-91685D936281}.Release|Any CPU.Build.0 = Release|Any CPU
	EndGlobalSection
	GlobalSection(SolutionProperties) = preSolution
		HideSolutionNode = FALSE
	EndGlobalSection
	GlobalSection(ExtensibilityGlobals) = postSolution
		SolutionGuid = {4EC716DB-9251-462B-A24C-795026E9D970}
	EndGlobalSection
EndGlobal
